
Microsoft Visual Studio Solution File, Format Version 12.00
# Visual Studio 15
VisualStudioVersion = 15.0.28307.1259
MinimumVisualStudioVersion = 10.0.40219.1
Project("{8BC9CEB8-8B4A-11D0-8D11-00A0C91BC942}") = "Project1", "Project1\Project1.vcxproj", "{9980A2A9-1DD8-49DE-9161-829BFB3B67EE}"
EndProject
Global
	GlobalSection(SolutionConfigurationPlatforms) = preSolution
		Debug|x64 = Debug|x64
		Debug|x86 = Debug|x86
		Release|x64 = Release|x64
		Release|x86 = Release|x86
	EndGlobalSection
	GlobalSection(ProjectConfigurationPlatforms) = postSolution
		{9980A2A9-1DD8-49DE-9161-829BFB3B67EE}.Debug|x64.ActiveCfg = Debug|x64
		{9980A2A9-1DD8-49DE-9161-829BFB3B67EE}.Debug|x64.Build.0 = Debug|x64
		{9980A2A9-1DD8-49DE-9161-829BFB3B67EE}.Debug|x86.ActiveCfg = Debug|Win32
		{9980A2A9-1DD8-49DE-9161-829BFB3B67EE}.Debug|x86.Build.0 = Debug|Win32
		{9980A2A9-1DD8-49DE-9161-829BFB3B67EE}.Release|x64.ActiveCfg = Release|x64
		{9980A2A9-1DD8-49DE-9161-829BFB3B67EE}.Release|x64.Build.0 = Release|x64
		{9980A2A9-1DD8-49DE-9161-829BFB3B67EE}.Release|x86.ActiveCfg = Release|Win32
		{9980A2A9-1DD8-49DE-9161-829BFB3B67EE}.Release|x86.Build.0 = Release|Win32
	EndGlobalSection
	GlobalSection(SolutionProperties) = preSolution
		HideSolutionNode = FALSE
	EndGlobalSection
	GlobalSection(ExtensibilityGlobals) = postSolution
		SolutionGuid = {5B824155-8DFA-4CE3-AC0C-AB4621B3C9D6}
	EndGlobalSection
EndGlobal
